# generated by rye
# use `rye lock` or `rye sync` to update this lockfile
#
# last locked with the following flags:
#   pre: false
#   features: []
#   all-features: false
#   with-sources: false
#   generate-hashes: false

-e file:.
asgiref==3.8.1
    # via django
    # via django-stubs
django==5.0.6
    # via django-stubs
    # via django-stubs-ext
django-stubs==5.0.2
django-stubs-ext==5.0.2
    # via django-stubs
iniconfig==2.0.0
    # via pytest
mypy==1.10.1
mypy-extensions==1.0.0
    # via mypy
packaging==24.1
    # via pytest
pluggy==1.5.0
    # via pytest
polars==0.20.31
    # via django-polars
pytest==8.2.2
    # via pytest-django
pytest-django==4.8.0
ruff==0.4.9
sqlparse==0.5.0
    # via django
types-pyyaml==6.0.12.20240311
    # via django-stubs
typing-extensions==4.12.2
    # via django-stubs
    # via django-stubs-ext
    # via mypy
